lockfileVersion: '9.0'

settings:
  autoInstallPeers: true
  excludeLinksFromLockfile: false

importers:

  .:
    devDependencies:
      '@biomejs/biome':
        specifier: 2.3.13
        version: 2.3.13
      '@tsconfig/strictest':
        specifier: 2.0.8
        version: 2.0.8
      npm-run-all2:
        specifier: 8.0.4
        version: 8.0.4
      rolldown:
        specifier: 1.0.0-rc.2
        version: 1.0.0-rc.2
      sort-package-json:
        specifier: 3.6.1
        version: 3.6.1
      typescript:
        specifier: 5.9.3
        version: 5.9.3

packages:

  '@biomejs/biome@2.3.13':
    resolution: {integrity: sha512-Fw7UsV0UAtWIBIm0M7g5CRerpu1eKyKAXIazzxhbXYUyMkwNrkX/KLkGI7b+uVDQ5cLUMfOC9vR60q9IDYDstA==}
    engines: {node: '>=14.21.3'}
    hasBin: true

  '@biomejs/cli-darwin-arm64@2.3.13':
    resolution: {integrity: sha512-0OCwP0/BoKzyJHnFdaTk/i7hIP9JHH9oJJq6hrSCPmJPo8JWcJhprK4gQlhFzrwdTBAW4Bjt/RmCf3ZZe59gwQ==}
    engines: {node: '>=14.21.3'}
    cpu: [arm64]
    os: [darwin]

  '@biomejs/cli-darwin-x64@2.3.13':
    resolution: {integrity: sha512-AGr8OoemT/ejynbIu56qeil2+F2WLkIjn2d8jGK1JkchxnMUhYOfnqc9sVzcRxpG9Ycvw4weQ5sprRvtb7Yhcw==}
    engines: {node: '>=14.21.3'}
    cpu: [x64]
    os: [darwin]

  '@biomejs/cli-linux-arm64-musl@2.3.13':
    resolution: {integrity: sha512-TUdDCSY+Eo/EHjhJz7P2GnWwfqet+lFxBZzGHldrvULr59AgahamLs/N85SC4+bdF86EhqDuuw9rYLvLFWWlXA==}
    engines: {node: '>=14.21.3'}
    cpu: [arm64]
    os: [linux]
    libc: [musl]

  '@biomejs/cli-linux-arm64@2.3.13':
    resolution: {integrity: sha512-xvOiFkrDNu607MPMBUQ6huHmBG1PZLOrqhtK6pXJW3GjfVqJg0Z/qpTdhXfcqWdSZHcT+Nct2fOgewZvytESkw==}
    engines: {node: '>=14.21.3'}
    cpu: [arm64]
    os: [linux]
    libc: [glibc]

  '@biomejs/cli-linux-x64-musl@2.3.13':
    resolution: {integrity: sha512-0bdwFVSbbM//Sds6OjtnmQGp4eUjOTt6kHvR/1P0ieR9GcTUAlPNvPC3DiavTqq302W34Ae2T6u5VVNGuQtGlQ==}
    engines: {node: '>=14.21.3'}
    cpu: [x64]
    os: [linux]
    libc: [musl]

  '@biomejs/cli-linux-x64@2.3.13':
    resolution: {integrity: sha512-s+YsZlgiXNq8XkgHs6xdvKDFOj/bwTEevqEY6rC2I3cBHbxXYU1LOZstH3Ffw9hE5tE1sqT7U23C00MzkXztMw==}
    engines: {node: '>=14.21.3'}
    cpu: [x64]
    os: [linux]
    libc: [glibc]

  '@biomejs/cli-win32-arm64@2.3.13':
    resolution: {integrity: sha512-QweDxY89fq0VvrxME+wS/BXKmqMrOTZlN9SqQ79kQSIc3FrEwvW/PvUegQF6XIVaekncDykB5dzPqjbwSKs9DA==}
    engines: {node: '>=14.21.3'}
    cpu: [arm64]
    os: [win32]

  '@biomejs/cli-win32-x64@2.3.13':
    resolution: {integrity: sha512-trDw2ogdM2lyav9WFQsdsfdVy1dvZALymRpgmWsvSez0BJzBjulhOT/t+wyKeh3pZWvwP3VMs1SoOKwO3wecMQ==}
    engines: {node: '>=14.21.3'}
    cpu: [x64]
    os: [win32]

  '@emnapi/core@1.7.1':
    resolution: {integrity: sha512-o1uhUASyo921r2XtHYOHy7gdkGLge8ghBEQHMWmyJFoXlpU58kIrhhN3w26lpQb6dspetweapMn2CSNwQ8I4wg==}

  '@emnapi/runtime@1.7.1':
    resolution: {integrity: sha512-PVtJr5CmLwYAU9PZDMITZoR5iAOShYREoR45EyyLrbntV50mdePTgUn4AmOw90Ifcj+x2kRjdzr1HP3RrNiHGA==}

  '@emnapi/wasi-threads@1.1.0':
    resolution: {integrity: sha512-WI0DdZ8xFSbgMjR1sFsKABJ/C5OnRrjT06JXbZKexJGrDuPTzZdDYfFlsgcCXCyf+suG5QU2e/y1Wo2V/OapLQ==}

  '@napi-rs/wasm-runtime@1.1.1':
    resolution: {integrity: sha512-p64ah1M1ld8xjWv3qbvFwHiFVWrq1yFvV4f7w+mzaqiR4IlSgkqhcRdHwsGgomwzBH51sRY4NEowLxnaBjcW/A==}

  '@oxc-project/types@0.111.0':
    resolution: {integrity: sha512-bh54LJMafgRGl2cPQ/QM+tI5rWaShm/wK9KywEj/w36MhiPKXYM67H2y3q+9pr4YO7ufwg2AKdBAZkhHBD8ClA==}

  '@rolldown/binding-android-arm64@1.0.0-rc.2':
    resolution: {integrity: sha512-AGV80viZ4Hil4C16GFH+PSwq10jclV9oyRFhD+5HdowPOCJ+G+99N5AClQvMkUMIahTY8cX0SQpKEEWcCg6fSA==}
    engines: {node: ^20.19.0 || >=22.12.0}
    cpu: [arm64]
    os: [android]

  '@rolldown/binding-darwin-arm64@1.0.0-rc.2':
    resolution: {integrity: sha512-PYR+PQu1mMmQiiKHN2JiOctvH32Xc/Mf+Su2RSmWtC9BbIqlqsVWjbulnShk0imjRim0IsbkMMCN5vYQwiuqaA==}
    engines: {node: ^20.19.0 || >=22.12.0}
    cpu: [arm64]
    os: [darwin]

  '@rolldown/binding-darwin-x64@1.0.0-rc.2':
    resolution: {integrity: sha512-X2G36Z6oh5ynoYpE2JAyG+uQ4kO/3N7XydM/I98FNk8VVgDKjajFF+v7TXJ2FMq6xa7Xm0UIUKHW2MRQroqoUA==}
    engines: {node: ^20.19.0 || >=22.12.0}
    cpu: [x64]
    os: [darwin]

  '@rolldown/binding-freebsd-x64@1.0.0-rc.2':
    resolution: {integrity: sha512-XpiFTsl9qjiDfrmJF6CE3dgj1nmSbxUIT+p2HIbXV6WOj/32btO8FKkWSsOphUwVinEt3R8HVkVrcLtFNruMMQ==}
    engines: {node: ^20.19.0 || >=22.12.0}
    cpu: [x64]
    os: [freebsd]

  '@rolldown/binding-linux-arm-gnueabihf@1.0.0-rc.2':
    resolution: {integrity: sha512-zjYZ99e47Wlygs4hW+sQ+kshlO8ake9OoY2ecnJ9cwpDGiiIB9rQ3LgP3kt8j6IeVyMSksu//VEhc8Mrd1lRIw==}
    engines: {node: ^20.19.0 || >=22.12.0}
    cpu: [arm]
    os: [linux]

  '@rolldown/binding-linux-arm64-gnu@1.0.0-rc.2':
    resolution: {integrity: sha512-Piso04EZ9IHV1aZSsLQVMOPTiCq4Ps2UPL3pchjNXHGJGFiB9U42s22LubPaEBFS+i6tCawS5EarIwex1zC4BA==}
    engines: {node: ^20.19.0 || >=22.12.0}
    cpu: [arm64]
    os: [linux]
    libc: [glibc]

  '@rolldown/binding-linux-arm64-musl@1.0.0-rc.2':
    resolution: {integrity: sha512-OwJCeMZlmjKsN9pfJfTmqYpe3JC+L6RO87+hu9ajRLr1Lh6cM2FRQ8e48DLRyRDww8Ti695XQvqEANEMmsuzLw==}
    engines: {node: ^20.19.0 || >=22.12.0}
    cpu: [arm64]
    os: [linux]
    libc: [musl]

  '@rolldown/binding-linux-x64-gnu@1.0.0-rc.2':
    resolution: {integrity: sha512-uQqBmA8dTWbKvfqbeSsXNUssRGfdgQCc0hkGfhQN7Pf85wG2h0Fd/z2d+ykyT4YbcsjQdgEGxBNsg3v4ekOuEA==}
    engines: {node: ^20.19.0 || >=22.12.0}
    cpu: [x64]
    os: [linux]
    libc: [glibc]

  '@rolldown/binding-linux-x64-musl@1.0.0-rc.2':
    resolution: {integrity: sha512-ItZabVsICCYWHbP+jcAgNzjPAYg5GIVQp/NpqT6iOgWctaMYtobClc5m0kNtxwqfNrLXoyt998xUey4AvcxnGQ==}
    engines: {node: ^20.19.0 || >=22.12.0}
    cpu: [x64]
    os: [linux]
    libc: [musl]

  '@rolldown/binding-openharmony-arm64@1.0.0-rc.2':
    resolution: {integrity: sha512-U4UYANwafcMXSUC0VqdrqTAgCo2v8T7SiuTYwVFXgia0KOl8jiv3okwCFqeZNuw/G6EWDiqhT8kK1DLgyLsxow==}
    engines: {node: ^20.19.0 || >=22.12.0}
    cpu: [arm64]
    os: [openharmony]

  '@rolldown/binding-wasm32-wasi@1.0.0-rc.2':
    resolution: {integrity: sha512-ZIWCjQsMon4tqRoao0Vzowjwx0cmFT3kublh2nNlgeasIJMWlIGHtr0d4fPypm57Rqx4o1h4L8SweoK2q6sMGA==}
    engines: {node: '>=14.0.0'}
    cpu: [wasm32]

  '@rolldown/binding-win32-arm64-msvc@1.0.0-rc.2':
    resolution: {integrity: sha512-NIo7vwRUPEzZ4MuZGr5YbDdjJ84xdiG+YYf8ZBfTgvIsk9wM0sZamJPEXvaLkzVIHpOw5uqEHXS85Gqqb7aaqQ==}
    engines: {node: ^20.19.0 || >=22.12.0}
    cpu: [arm64]
    os: [win32]

  '@rolldown/binding-win32-x64-msvc@1.0.0-rc.2':
    resolution: {integrity: sha512-bLKzyLFbvngeNPZocuLo3LILrKwCrkyMxmRXs6fZYDrvh7cyZRw9v56maDL9ipPas0OOmQK1kAKYwvTs30G21Q==}
    engines: {node: ^20.19.0 || >=22.12.0}
    cpu: [x64]
    os: [win32]

  '@rolldown/pluginutils@1.0.0-rc.2':
    resolution: {integrity: sha512-izyXV/v+cHiRfozX62W9htOAvwMo4/bXKDrQ+vom1L1qRuexPock/7VZDAhnpHCLNejd3NJ6hiab+tO0D44Rgw==}

  '@tsconfig/strictest@2.0.8':
    resolution: {integrity: sha512-XnQ7vNz5HRN0r88GYf1J9JJjqtZPiHt2woGJOo2dYqyHGGcd6OLGqSlBB6p1j9mpzja6Oe5BoPqWmeDx6X9rLw==}

  '@tybys/wasm-util@0.10.1':
    resolution: {integrity: sha512-9tTaPJLSiejZKx+Bmog4uSubteqTvFrVrURwkmHixBo0G4seD0zUxp98E1DzUBJxLQ3NPwXrGKDiVjwx/DpPsg==}

  ansi-styles@6.2.1:
    resolution: {integrity: sha512-bN798gFfQX+viw3R7yrGWRqnrN2oRkEkUjjl4JNn4E8GxxbjtG3FbrEIIY3l8/hrwUwIeCZvi4QuOTP4MErVug==}
    engines: {node: '>=12'}

  cross-spawn@7.0.6:
    resolution: {integrity: sha512-uV2QOWP2nWzsy2aMp8aRibhi9dlzF5Hgh5SHaB9OiTGEyDTiJJyx0uy51QXdyWbtAHNua4XJzUKca3OzKUd3vA==}
    engines: {node: '>= 8'}

  detect-indent@7.0.2:
    resolution: {integrity: sha512-y+8xyqdGLL+6sh0tVeHcfP/QDd8gUgbasolJJpY7NgeQGSZ739bDtSiaiDgtoicy+mtYB81dKLxO9xRhCyIB3A==}
    engines: {node: '>=12.20'}

  detect-newline@4.0.1:
    resolution: {integrity: sha512-qE3Veg1YXzGHQhlA6jzebZN2qVf6NX+A7m7qlhCGG30dJixrAQhYOsJjsnBjJkCSmuOPpCk30145fr8FV0bzog==}
    engines: {node: ^12.20.0 || ^14.13.1 || >=16.0.0}

  fdir@6.5.0:
    resolution: {integrity: sha512-tIbYtZbucOs0BRGqPJkshJUYdL+SDH7dVM8gjy+ERp3WAUjLEFJE+02kanyHtwjWOnwrKYBiwAmM0p4kLJAnXg==}
    engines: {node: '>=12.0.0'}
    peerDependencies:
      picomatch: ^3 || ^4
    peerDependenciesMeta:
      picomatch:
        optional: true

  git-hooks-list@4.1.1:
    resolution: {integrity: sha512-cmP497iLq54AZnv4YRAEMnEyQ1eIn4tGKbmswqwmFV4GBnAqE8NLtWxxdXa++AalfgL5EBH4IxTPyquEuGY/jA==}

  is-plain-obj@4.1.0:
    resolution: {integrity: sha512-+Pgi+vMuUNkJyExiMBt5IlFoMyKnr5zhJ4Uspz58WOhBF5QoIZkFyNHIbBAtHwzVAgk5RtndVNsDRN61/mmDqg==}
    engines: {node: '>=12'}

  isexe@2.0.0:
    resolution: {integrity: sha512-RHxMLp9lnKHGHRng9QFhRCMbYAcVpn69smSGcq3f36xjgVVWThj4qqLbTLlq7Ssj8B+fIQ1EuCEGI2lKsyQeIw==}

  isexe@3.1.1:
    resolution: {integrity: sha512-LpB/54B+/2J5hqQ7imZHfdU31OlgQqx7ZicVlkm9kzg9/w8GKLEcFfJl/t7DCEDueOyBAD6zCCwTO6Fzs0NoEQ==}
    engines: {node: '>=16'}

  json-parse-even-better-errors@4.0.0:
    resolution: {integrity: sha512-lR4MXjGNgkJc7tkQ97kb2nuEMnNCyU//XYVH0MKTGcXEiSudQ5MKGKen3C5QubYy0vmq+JGitUg92uuywGEwIA==}
    engines: {node: ^18.17.0 || >=20.5.0}

  memorystream@0.3.1:
    resolution: {integrity: sha512-S3UwM3yj5mtUSEfP41UZmt/0SCoVYUcU1rkXv+BQ5Ig8ndL4sPoJNBUJERafdPb5jjHJGuMgytgKvKIf58XNBw==}
    engines: {node: '>= 0.10.0'}

  npm-normalize-package-bin@4.0.0:
    resolution: {integrity: sha512-TZKxPvItzai9kN9H/TkmCtx/ZN/hvr3vUycjlfmH0ootY9yFBzNOpiXAdIn1Iteqsvk4lQn6B5PTrt+n6h8k/w==}
    engines: {node: ^18.17.0 || >=20.5.0}

  npm-run-all2@8.0.4:
    resolution: {integrity: sha512-wdbB5My48XKp2ZfJUlhnLVihzeuA1hgBnqB2J9ahV77wLS+/YAJAlN8I+X3DIFIPZ3m5L7nplmlbhNiFDmXRDA==}
    engines: {node: ^20.5.0 || >=22.0.0, npm: '>= 10'}
    hasBin: true

  path-key@3.1.1:
    resolution: {integrity: sha512-ojmeN0qd+y0jszEtoY48r0Peq5dwMEkIlCOu6Q5f41lfkswXuKtYrhgoTpLnyIcHm24Uhqx+5Tqm2InSwLhE6Q==}
    engines: {node: '>=8'}

  picomatch@4.0.2:
    resolution: {integrity: sha512-M7BAV6Rlcy5u+m6oPhAPFgJTzAioX/6B0DxyvDlo9l8+T3nLKbrczg2WLUyzd45L8RqfUMyGPzekbMvX2Ldkwg==}
    engines: {node: '>=12'}

  picomatch@4.0.3:
    resolution: {integrity: sha512-5gTmgEY/sqK6gFXLIsQNH19lWb4ebPDLA4SdLP7dsWkIXHWlG66oPuVvXSGFPppYZz8ZDZq0dYYrbHfBCVUb1Q==}
    engines: {node: '>=12'}

  pidtree@0.6.0:
    resolution: {integrity: sha512-eG2dWTVw5bzqGRztnHExczNxt5VGsE6OwTeCG3fdUf9KBsZzO3R5OIIIzWR+iZA0NtZ+RDVdaoE2dK1cn6jH4g==}
    engines: {node: '>=0.10'}
    hasBin: true

  read-package-json-fast@4.0.0:
    resolution: {integrity: sha512-qpt8EwugBWDw2cgE2W+/3oxC+KTez2uSVR8JU9Q36TXPAGCaozfQUs59v4j4GFpWTaw0i6hAZSvOmu1J0uOEUg==}
    engines: {node: ^18.17.0 || >=20.5.0}

  rolldown@1.0.0-rc.2:
    resolution: {integrity: sha512-1g/8Us9J8sgJGn3hZfBecX1z4U3y5KO7V/aV2U1M/9UUzLNqHA8RfFQ/NPT7HLxOIldyIgrcjaYTRvA81KhJIg==}
    engines: {node: ^20.19.0 || >=22.12.0}
    hasBin: true

  semver@7.7.3:
    resolution: {integrity: sha512-SdsKMrI9TdgjdweUSR9MweHA4EJ8YxHn8DFaDisvhVlUOe4BF1tLD7GAj0lIqWVl+dPb/rExr0Btby5loQm20Q==}
    engines: {node: '>=10'}
    hasBin: true

  shebang-command@2.0.0:
    resolution: {integrity: sha512-kHxr2zZpYtdmrN1qDjrrX/Z1rR1kG8Dx+gkpK1G4eXmvXswmcE1hTWBWYUzlraYw1/yZp6YuDY77YtvbN0dmDA==}
    engines: {node: '>=8'}

  shebang-regex@3.0.0:
    resolution: {integrity: sha512-7++dFhtcx3353uBaq8DDR4NuxBetBzC7ZQOhmTQInHEd6bSrXdiEyzCvG07Z44UYdLShWUyXt5M/yhz8ekcb1A==}
    engines: {node: '>=8'}

  shell-quote@1.8.2:
    resolution: {integrity: sha512-AzqKpGKjrj7EM6rKVQEPpB288oCfnrEIuyoT9cyF4nmGa7V8Zk6f7RRqYisX8X9m+Q7bd632aZW4ky7EhbQztA==}
    engines: {node: '>= 0.4'}

  sort-object-keys@2.0.1:
    resolution: {integrity: sha512-R89fO+z3x7hiKPXX5P0qim+ge6Y60AjtlW+QQpRozrrNcR1lw9Pkpm5MLB56HoNvdcLHL4wbpq16OcvGpEDJIg==}

  sort-package-json@3.6.1:
    resolution: {integrity: sha512-Chgejw1+10p2D0U2tB7au1lHtz6TkFnxmvZktyBCRyV0GgmF6nl1IxXxAsPtJVsUyg/fo+BfCMAVVFUVRkAHrQ==}
    engines: {node: '>=20'}
    hasBin: true

  tinyglobby@0.2.15:
    resolution: {integrity: sha512-j2Zq4NyQYG5XMST4cbs02Ak8iJUdxRM0XI5QyxXuZOzKOINmWurp3smXu3y5wDcJrptwpSjgXHzIQxR0omXljQ==}
    engines: {node: '>=12.0.0'}

  tslib@2.8.1:
    resolution: {integrity: sha512-oJFu94HQb+KVduSUQL7wnpmqnfmLsOA/nAh6b6EH0wCEoK0/mPeXU6c3wKDV83MkOuHPRHtSXKKU99IBazS/2w==}

  typescript@5.9.3:
    resolution: {integrity: sha512-jl1vZzPDinLr9eUt3J/t7V6FgNEw9QjvBPdysz9KfQDD41fQrC2Y4vKQdiaUpFT4bXlb1RHhLpp8wtm6M5TgSw==}
    engines: {node: '>=14.17'}
    hasBin: true

  which@2.0.2:
    resolution: {integrity: sha512-BLI3Tl1TW3Pvl70l3yq3Y64i+awpwXqsGBYWkkqMtnbXgrMD+yj7rhW0kuEDxzJaYXGjEW5ogapKNMEKNMjibA==}
    engines: {node: '>= 8'}
    hasBin: true

  which@5.0.0:
    resolution: {integrity: sha512-JEdGzHwwkrbWoGOlIHqQ5gtprKGOenpDHpxE9zVR1bWbOtYRyPPHMe9FaP6x61CmNaTThSkb0DAJte5jD+DmzQ==}
    engines: {node: ^18.17.0 || >=20.5.0}
    hasBin: true

snapshots:

  '@biomejs/biome@2.3.13':
    optionalDependencies:
      '@biomejs/cli-darwin-arm64': 2.3.13
      '@biomejs/cli-darwin-x64': 2.3.13
      '@biomejs/cli-linux-arm64': 2.3.13
      '@biomejs/cli-linux-arm64-musl': 2.3.13
      '@biomejs/cli-linux-x64': 2.3.13
      '@biomejs/cli-linux-x64-musl': 2.3.13
      '@biomejs/cli-win32-arm64': 2.3.13
      '@biomejs/cli-win32-x64': 2.3.13

  '@biomejs/cli-darwin-arm64@2.3.13':
    optional: true

  '@biomejs/cli-darwin-x64@2.3.13':
    optional: true

  '@biomejs/cli-linux-arm64-musl@2.3.13':
    optional: true

  '@biomejs/cli-linux-arm64@2.3.13':
    optional: true

  '@biomejs/cli-linux-x64-musl@2.3.13':
    optional: true

  '@biomejs/cli-linux-x64@2.3.13':
    optional: true

  '@biomejs/cli-win32-arm64@2.3.13':
    optional: true

  '@biomejs/cli-win32-x64@2.3.13':
    optional: true

  '@emnapi/core@1.7.1':
    dependencies:
      '@emnapi/wasi-threads': 1.1.0
      tslib: 2.8.1
    optional: true

  '@emnapi/runtime@1.7.1':
    dependencies:
      tslib: 2.8.1
    optional: true

  '@emnapi/wasi-threads@1.1.0':
    dependencies:
      tslib: 2.8.1
    optional: true

  '@napi-rs/wasm-runtime@1.1.1':
    dependencies:
      '@emnapi/core': 1.7.1
      '@emnapi/runtime': 1.7.1
      '@tybys/wasm-util': 0.10.1
    optional: true

  '@oxc-project/types@0.111.0': {}

  '@rolldown/binding-android-arm64@1.0.0-rc.2':
    optional: true

  '@rolldown/binding-darwin-arm64@1.0.0-rc.2':
    optional: true

  '@rolldown/binding-darwin-x64@1.0.0-rc.2':
    optional: true

  '@rolldown/binding-freebsd-x64@1.0.0-rc.2':
    optional: true

  '@rolldown/binding-linux-arm-gnueabihf@1.0.0-rc.2':
    optional: true

  '@rolldown/binding-linux-arm64-gnu@1.0.0-rc.2':
    optional: true

  '@rolldown/binding-linux-arm64-musl@1.0.0-rc.2':
    optional: true

  '@rolldown/binding-linux-x64-gnu@1.0.0-rc.2':
    optional: true

  '@rolldown/binding-linux-x64-musl@1.0.0-rc.2':
    optional: true

  '@rolldown/binding-openharmony-arm64@1.0.0-rc.2':
    optional: true

  '@rolldown/binding-wasm32-wasi@1.0.0-rc.2':
    dependencies:
      '@napi-rs/wasm-runtime': 1.1.1
    optional: true

  '@rolldown/binding-win32-arm64-msvc@1.0.0-rc.2':
    optional: true

  '@rolldown/binding-win32-x64-msvc@1.0.0-rc.2':
    optional: true

  '@rolldown/pluginutils@1.0.0-rc.2': {}

  '@tsconfig/strictest@2.0.8': {}

  '@tybys/wasm-util@0.10.1':
    dependencies:
      tslib: 2.8.1
    optional: true

  ansi-styles@6.2.1: {}

  cross-spawn@7.0.6:
    dependencies:
      path-key: 3.1.1
      shebang-command: 2.0.0
      which: 2.0.2

  detect-indent@7.0.2: {}

  detect-newline@4.0.1: {}

  fdir@6.5.0(picomatch@4.0.3):
    optionalDependencies:
      picomatch: 4.0.3

  git-hooks-list@4.1.1: {}

  is-plain-obj@4.1.0: {}

  isexe@2.0.0: {}

  isexe@3.1.1: {}

  json-parse-even-better-errors@4.0.0: {}

  memorystream@0.3.1: {}

  npm-normalize-package-bin@4.0.0: {}

  npm-run-all2@8.0.4:
    dependencies:
      ansi-styles: 6.2.1
      cross-spawn: 7.0.6
      memorystream: 0.3.1
      picomatch: 4.0.2
      pidtree: 0.6.0
      read-package-json-fast: 4.0.0
      shell-quote: 1.8.2
      which: 5.0.0

  path-key@3.1.1: {}

  picomatch@4.0.2: {}

  picomatch@4.0.3: {}

  pidtree@0.6.0: {}

  read-package-json-fast@4.0.0:
    dependencies:
      json-parse-even-better-errors: 4.0.0
      npm-normalize-package-bin: 4.0.0

  rolldown@1.0.0-rc.2:
    dependencies:
      '@oxc-project/types': 0.111.0
      '@rolldown/pluginutils': 1.0.0-rc.2
    optionalDependencies:
      '@rolldown/binding-android-arm64': 1.0.0-rc.2
      '@rolldown/binding-darwin-arm64': 1.0.0-rc.2
      '@rolldown/binding-darwin-x64': 1.0.0-rc.2
      '@rolldown/binding-freebsd-x64': 1.0.0-rc.2
      '@rolldown/binding-linux-arm-gnueabihf': 1.0.0-rc.2
      '@rolldown/binding-linux-arm64-gnu': 1.0.0-rc.2
      '@rolldown/binding-linux-arm64-musl': 1.0.0-rc.2
      '@rolldown/binding-linux-x64-gnu': 1.0.0-rc.2
      '@rolldown/binding-linux-x64-musl': 1.0.0-rc.2
      '@rolldown/binding-openharmony-arm64': 1.0.0-rc.2
      '@rolldown/binding-wasm32-wasi': 1.0.0-rc.2
      '@rolldown/binding-win32-arm64-msvc': 1.0.0-rc.2
      '@rolldown/binding-win32-x64-msvc': 1.0.0-rc.2

  semver@7.7.3: {}

  shebang-command@2.0.0:
    dependencies:
      shebang-regex: 3.0.0

  shebang-regex@3.0.0: {}

  shell-quote@1.8.2: {}

  sort-object-keys@2.0.1: {}

  sort-package-json@3.6.1:
    dependencies:
      detect-indent: 7.0.2
      detect-newline: 4.0.1
      git-hooks-list: 4.1.1
      is-plain-obj: 4.1.0
      semver: 7.7.3
      sort-object-keys: 2.0.1
      tinyglobby: 0.2.15

  tinyglobby@0.2.15:
    dependencies:
      fdir: 6.5.0(picomatch@4.0.3)
      picomatch: 4.0.3

  tslib@2.8.1:
    optional: true

  typescript@5.9.3: {}

  which@2.0.2:
    dependencies:
      isexe: 2.0.0

  which@5.0.0:
    dependencies:
      isexe: 3.1.1
